{
  "requires": true,
  "lockfileVersion": 1,
  "dependencies": {
    "@angular/cdk": {
      "version": "11.2.1",
      "resolved": "https://registry.npmjs.org/@angular/cdk/-/cdk-11.2.1.tgz",
      "integrity": "sha512-d+ERvvWqGykBm5ooWG8TmMjL6q6aOpUd13ha1sx960EfKJqNyideYUfPMp6xprTyxmUIUZ/G9AQ/pxnzrLGnsA==",
      "requires": {
        "parse5": "^5.0.0",
        "tslib": "^2.0.0"
      }
    },
    "@angular/compiler": {
      "version": "7.1.4",
      "resolved": "https://registry.npmjs.org/@angular/compiler/-/compiler-7.1.4.tgz",
      "integrity": "sha512-AvYXtjEJ27Rhv4c27DXNEa58Lit63jdydzbz7VuyFhNU+FwDUK2DC4gZe0nWZsf7HUniJezVRFkECDCZQeSKCQ==",
      "requires": {
        "tslib": "^1.9.0"
      },
      "dependencies": {
        "tslib": {
          "version": "1.14.1",
          "resolved": "https://registry.npmjs.org/tslib/-/tslib-1.14.1.tgz",
          "integrity": "sha512-Xni35NKzjgMrwevysHTCArtLDpPvye8zV/0E4EyYn43P7/7qvQwPh9BGkHewbMulVntbigmcT7rdX3BNo9wRJg=="
        }
      }
    },
    "@angular/flex-layout": {
      "version": "11.0.0-beta.33",
      "resolved": "https://registry.npmjs.org/@angular/flex-layout/-/flex-layout-11.0.0-beta.33.tgz",
      "integrity": "sha512-unfhw3abZuKtdwQicRStHCYGbANPTHYg4WNRQk/RC5Mxq+4WOp4Q8HI7GqRHCGUYDCGUP7w1sU/oDt8f09nM8w==",
      "requires": {
        "tslib": "^2.0.0"
      }
    },
    "angular-inline-editors": {
      "version": "2.0.4",
      "resolved": "https://registry.npmjs.org/angular-inline-editors/-/angular-inline-editors-2.0.4.tgz",
      "integrity": "sha512-ePsM8g/EJOc+nMiZVK2DVQkJNVanMnOzsUO1VRIbiBWfPKB+7odQpb7VR0AR2Km4UfniQOzwd41aDBfOrGykIg==",
      "requires": {
        "@angular/common": "7.1.4",
        "@angular/compiler": "7.1.4",
        "@angular/core": "7.1.4",
        "@angular/forms": "7.1.4",
        "@angular/platform-browser": "7.1.4",
        "@angular/platform-browser-dynamic": "7.1.4",
        "core-js": "2.6.1",
        "ngx-bootstrap": "3.1.4",
        "opencollective-postinstall": "^2.0.1",
        "reflect-metadata": "0.1.12",
        "rxjs": "6.3.3",
        "zone.js": "0.8.26"
      },
      "dependencies": {
        "@angular/common": {
          "version": "7.1.4",
          "resolved": "https://registry.npmjs.org/@angular/common/-/common-7.1.4.tgz",
          "integrity": "sha512-oQPCilcf1H/OXmt4z6PfGoCSb1YPRBAXGs/KRBARm3tYan2r5CmV0BFwpWXWQrEMt8YQqqLiBQUQ64d8+VFm8Q==",
          "requires": {
            "tslib": "^1.9.0"
          }
        },
        "@angular/core": {
          "version": "7.1.4",
          "resolved": "https://registry.npmjs.org/@angular/core/-/core-7.1.4.tgz",
          "integrity": "sha512-36uWLrmmlzf8JKaq2A5F2tPQEHvFSsbTQWOT559Drp1tzM2uSA7PysNHv5TXUshDn5i54S2EQFm4bj2YPp4Hzg==",
          "requires": {
            "tslib": "^1.9.0"
          }
        },
        "@angular/forms": {
          "version": "7.1.4",
          "resolved": "https://registry.npmjs.org/@angular/forms/-/forms-7.1.4.tgz",
          "integrity": "sha512-YB2lDRe7aMsaO5ZlbeFZGH+uTQOcpotFDKCmTckpefRJ7id6TlUSBYdYRH80qOQfPJGpsnqQvLZkL24UMasKtQ==",
          "requires": {
            "tslib": "^1.9.0"
          }
        },
        "@angular/platform-browser": {
          "version": "7.1.4",
          "resolved": "https://registry.npmjs.org/@angular/platform-browser/-/platform-browser-7.1.4.tgz",
          "integrity": "sha512-lIFBKo6Uqty7qYDI9T8quFCUzUpGBgpzvDe14aAHFwZCft9rMS1J7PB1F26/dy2RBQE8tUyN2zp2xZQnYAhMcA==",
          "requires": {
            "tslib": "^1.9.0"
          }
        },
        "@angular/platform-browser-dynamic": {
          "version": "7.1.4",
          "resolved": "https://registry.npmjs.org/@angular/platform-browser-dynamic/-/platform-browser-dynamic-7.1.4.tgz",
          "integrity": "sha512-LtFd6XIz98BKjxrCRbaz2y0XSmVQSTzrvpAyNzKnzHAMn+4XpIpnzyV3Y6DeHolIBwLjFHFzGKMBwOHOwME4RQ==",
          "requires": {
            "tslib": "^1.9.0"
          }
        },
        "rxjs": {
          "version": "6.3.3",
          "resolved": "https://registry.npmjs.org/rxjs/-/rxjs-6.3.3.tgz",
          "integrity": "sha512-JTWmoY9tWCs7zvIk/CvRjhjGaOd+OVBM987mxFo+OW66cGpdKjZcpmc74ES1sB//7Kl/PAe8+wEakuhG4pcgOw==",
          "requires": {
            "tslib": "^1.9.0"
          }
        },
        "tslib": {
          "version": "1.14.1",
          "resolved": "https://registry.npmjs.org/tslib/-/tslib-1.14.1.tgz",
          "integrity": "sha512-Xni35NKzjgMrwevysHTCArtLDpPvye8zV/0E4EyYn43P7/7qvQwPh9BGkHewbMulVntbigmcT7rdX3BNo9wRJg=="
        },
        "zone.js": {
          "version": "0.8.26",
          "resolved": "https://registry.npmjs.org/zone.js/-/zone.js-0.8.26.tgz",
          "integrity": "sha512-W9Nj+UmBJG251wkCacIkETgra4QgBo/vgoEkb4a2uoLzpQG7qF9nzwoLXWU5xj3Fg2mxGvEDh47mg24vXccYjA=="
        }
      }
    },
    "core-js": {
      "version": "2.6.1",
      "resolved": "https://registry.npmjs.org/core-js/-/core-js-2.6.1.tgz",
      "integrity": "sha512-L72mmmEayPJBejKIWe2pYtGis5r0tQ5NaJekdhyXgeMQTpJoBsH0NL4ElY2LfSoV15xeQWKQ+XTTOZdyero5Xg=="
    },
    "ngx-bootstrap": {
      "version": "3.1.4",
      "resolved": "https://registry.npmjs.org/ngx-bootstrap/-/ngx-bootstrap-3.1.4.tgz",
      "integrity": "sha512-dHMX6Yv0ahwvjvMFo2wQ2Mbe4vcUTEcao0jmVKenchmaZjDGWsJ2xvRgEDKgAA9bNR0RI5gqQNzICmSf2MC1DA=="
    },
    "opencollective-postinstall": {
      "version": "2.0.3",
      "resolved": "https://registry.npmjs.org/opencollective-postinstall/-/opencollective-postinstall-2.0.3.tgz",
      "integrity": "sha512-8AV/sCtuzUeTo8gQK5qDZzARrulB3egtLzFgteqB2tcT4Mw7B8Kt7JcDHmltjz6FOAHsvTevk70gZEbhM4ZS9Q=="
    },
    "parse5": {
      "version": "5.1.1",
      "resolved": "https://registry.npmjs.org/parse5/-/parse5-5.1.1.tgz",
      "integrity": "sha512-ugq4DFI0Ptb+WWjAdOK16+u/nHfiIrcE+sh8kZMaM0WllQKLI9rOUq6c2b7cwPkXdzfQESqvoqK6ug7U/Yyzug==",
      "optional": true
    },
    "reflect-metadata": {
      "version": "0.1.12",
      "resolved": "https://registry.npmjs.org/reflect-metadata/-/reflect-metadata-0.1.12.tgz",
      "integrity": "sha512-n+IyV+nGz3+0q3/Yf1ra12KpCyi001bi4XFxSjbiWWjfqb52iTTtpGXmCCAOWWIAn9KEuFZKGqBERHmrtScZ3A=="
    },
    "tslib": {
      "version": "2.1.0",
      "resolved": "https://registry.npmjs.org/tslib/-/tslib-2.1.0.tgz",
      "integrity": "sha512-hcVC3wYEziELGGmEEXue7D75zbwIIVUMWAVbHItGPx0ziyXxrOMQx4rQEVEV45Ut/1IotuEvwqPopzIOkDMf0A=="
    }
  }
}
